
Microsoft Visual Studio Solution File, Format Version 12.00
# Visual Studio Version 16
VisualStudioVersion = 16.0.30907.101
MinimumVisualStudioVersion = 10.0.40219.1
Project("{FAE04EC0-301F-11D3-BF4B-00C04F79EFBC}") = "Tooltip.UWP", "Tooltip.UWP\Tooltip.UWP.csproj", "{092B0C38-2907-4DEE-8B0C-411903278764}"
EndProject
Project("{FAE04EC0-301F-11D3-BF4B-00C04F79EFBC}") = "Tooltip.Android", "Tooltip.Android\Tooltip.Android.csproj", "{1ED111AF-B524-4527-9FFB-8606F6287392}"
EndProject
Project("{FAE04EC0-301F-11D3-BF4B-00C04F79EFBC}") = "Tooltip.iOS", "Tooltip.iOS\Tooltip.iOS.csproj", "{69D702F1-EEB3-4095-8A8F-63A3B3EF18F1}"
EndProject
Project("{FAE04EC0-301F-11D3-BF4B-00C04F79EFBC}") = "Tooltip", "Tooltip\Tooltip.csproj", "{8CDA7593-1D33-44C3-9CFC-48817CA8C561}"
EndProject
Global
	GlobalSection(SolutionConfigurationPlatforms) = preSolution
		Debug|Any CPU = Debug|Any CPU
		Debug|ARM = Debug|ARM
		Debug|iPhone = Debug|iPhone
		Debug|iPhoneSimulator = Debug|iPhoneSimulator
		Debug|x64 = Debug|x64
		Debug|x86 = Debug|x86
		Release|Any CPU = Release|Any CPU
		Release|ARM = Release|ARM
		Release|iPhone = Release|iPhone
		Release|iPhoneSimulator = Release|iPhoneSimulator
		Release|x64 = Release|x64
		Release|x86 = Release|x86
	EndGlobalSection
	GlobalSection(ProjectConfigurationPlatforms) = postSolution
		{092B0C38-2907-4DEE-8B0C-411903278764}.Debug|Any CPU.ActiveCfg = Debug|x86
		{092B0C38-2907-4DEE-8B0C-411903278764}.Debug|Any CPU.Build.0 = Debug|x86
		{092B0C38-2907-4DEE-8B0C-411903278764}.Debug|Any CPU.Deploy.0 = Debug|x86
		{092B0C38-2907-4DEE-8B0C-411903278764}.Debug|ARM.ActiveCfg = Debug|ARM
		{092B0C38-2907-4DEE-8B0C-411903278764}.Debug|ARM.Build.0 = Debug|ARM
		{092B0C38-2907-4DEE-8B0C-411903278764}.Debug|ARM.Deploy.0 = Debug|ARM
		{092B0C38-2907-4DEE-8B0C-411903278764}.Debug|iPhone.ActiveCfg = Debug|x86
		{092B0C38-2907-4DEE-8B0C-411903278764}.Debug|iPhone.Build.0 = Debug|x86
		{092B0C38-2907-4DEE-8B0C-411903278764}.Debug|iPhone.Deploy.0 = Debug|x86
		{092B0C38-2907-4DEE-8B0C-411903278764}.Debug|iPhoneSimulator.ActiveCfg = Debug|x86
		{092B0C38-2907-4DEE-8B0C-411903278764}.Debug|iPhoneSimulator.Build.0 = Debug|x86
		{092B0C38-2907-4DEE-8B0C-411903278764}.Debug|iPhoneSimulator.Deploy.0 = Debug|x86
		{092B0C38-2907-4DEE-8B0C-411903278764}.Debug|x64.ActiveCfg = Debug|x64
		{092B0C38-2907-4DEE-8B0C-411903278764}.Debug|x64.Build.0 = Debug|x64
		{092B0C38-2907-4DEE-8B0C-411903278764}.Debug|x64.Deploy.0 = Debug|x64
		{092B0C38-2907-4DEE-8B0C-411903278764}.Debug|x86.ActiveCfg = Debug|x86
		{092B0C38-2907-4DEE-8B0C-411903278764}.Debug|x86.Build.0 = Debug|x86
		{092B0C38-2907-4DEE-8B0C-411903278764}.Debug|x86.Deploy.0 = Debug|x86
		{092B0C38-2907-4DEE-8B0C-411903278764}.Release|Any CPU.ActiveCfg = Release|x86
		{092B0C38-2907-4DEE-8B0C-411903278764}.Release|Any CPU.Build.0 = Release|x86
		{092B0C38-2907-4DEE-8B0C-411903278764}.Release|Any CPU.Deploy.0 = Release|x86
		{092B0C38-2907-4DEE-8B0C-411903278764}.Release|ARM.ActiveCfg = Release|ARM
		{092B0C38-2907-4DEE-8B0C-411903278764}.Release|ARM.Build.0 = Release|ARM
		{092B0C38-2907-4DEE-8B0C-411903278764}.Release|ARM.Deploy.0 = Release|ARM
		{092B0C38-2907-4DEE-8B0C-411903278764}.Release|iPhone.ActiveCfg = Release|x86
		{092B0C38-2907-4DEE-8B0C-411903278764}.Release|iPhone.Build.0 = Release|x86
		{092B0C38-2907-4DEE-8B0C-411903278764}.Release|iPhone.Deploy.0 = Release|x86
		{092B0C38-2907-4DEE-8B0C-411903278764}.Release|iPhoneSimulator.ActiveCfg = Release|x86
		{092B0C38-2907-4DEE-8B0C-411903278764}.Release|iPhoneSimulator.Build.0 = Release|x86
		{092B0C38-2907-4DEE-8B0C-411903278764}.Release|iPhoneSimulator.Deploy.0 = Release|x86
		{092B0C38-2907-4DEE-8B0C-411903278764}.Release|x64.ActiveCfg = Release|x64
		{092B0C38-2907-4DEE-8B0C-411903278764}.Release|x64.Build.0 = Release|x64
		{092B0C38-2907-4DEE-8B0C-411903278764}.Release|x64.Deploy.0 = Release|x64
		{092B0C38-2907-4DEE-8B0C-411903278764}.Release|x86.ActiveCfg = Release|x86
		{092B0C38-2907-4DEE-8B0C-411903278764}.Release|x86.Build.0 = Release|x86
		{092B0C38-2907-4DEE-8B0C-411903278764}.Release|x86.Deploy.0 = Release|x86
		{1ED111AF-B524-4527-9FFB-8606F6287392}.Debug|Any CPU.ActiveCfg = Debug|Any CPU
		{1ED111AF-B524-4527-9FFB-8606F6287392}.Debug|Any CPU.Build.0 = Debug|Any CPU
		{1ED111AF-B524-4527-9FFB-8606F6287392}.Debug|Any CPU.Deploy.0 = Debug|Any CPU
		{1ED111AF-B524-4527-9FFB-8606F6287392}.Debug|ARM.ActiveCfg = Debug|Any CPU
		{1ED111AF-B524-4527-9FFB-8606F6287392}.Debug|ARM.Build.0 = Debug|Any CPU
		{1ED111AF-B524-4527-9FFB-8606F6287392}.Debug|ARM.Deploy.0 = Debug|Any CPU
		{1ED111AF-B524-4527-9FFB-8606F6287392}.Debug|iPhone.ActiveCfg = Debug|Any CPU
		{1ED111AF-B524-4527-9FFB-8606F6287392}.Debug|iPhone.Build.0 = Debug|Any CPU
		{1ED111AF-B524-4527-9FFB-8606F6287392}.Debug|iPhone.Deploy.0 = Debug|Any CPU
		{1ED111AF-B524-4527-9FFB-8606F6287392}.Debug|iPhoneSimulator.ActiveCfg = Debug|Any CPU
		{1ED111AF-B524-4527-9FFB-8606F6287392}.Debug|iPhoneSimulator.Build.0 = Debug|Any CPU
		{1ED111AF-B524-4527-9FFB-8606F6287392}.Debug|iPhoneSimulator.Deploy.0 = Debug|Any CPU
		{1ED111AF-B524-4527-9FFB-8606F6287392}.Debug|x64.ActiveCfg = Debug|Any CPU
		{1ED111AF-B524-4527-9FFB-8606F6287392}.Debug|x64.Build.0 = Debug|Any CPU
		{1ED111AF-B524-4527-9FFB-8606F6287392}.Debug|x64.Deploy.0 = Debug|Any CPU
		{1ED111AF-B524-4527-9FFB-8606F6287392}.Debug|x86.ActiveCfg = Debug|Any CPU
		{1ED111AF-B524-4527-9FFB-8606F6287392}.Debug|x86.Build.0 = Debug|Any CPU
		{1ED111AF-B524-4527-9FFB-8606F6287392}.Debug|x86.Deploy.0 = Debug|Any CPU
		{1ED111AF-B524-4527-9FFB-8606F6287392}.Release|Any CPU.ActiveCfg = Release|Any CPU
		{1ED111AF-B524-4527-9FFB-8606F6287392}.Release|Any CPU.Build.0 = Release|Any CPU
		{1ED111AF-B524-4527-9FFB-8606F6287392}.Release|Any CPU.Deploy.0 = Release|Any CPU
		{1ED111AF-B524-4527-9FFB-8606F6287392}.Release|ARM.ActiveCfg = Release|Any CPU
		{1ED111AF-B524-4527-9FFB-8606F6287392}.Release|ARM.Build.0 = Release|Any CPU
		{1ED111AF-B524-4527-9FFB-8606F6287392}.Release|ARM.Deploy.0 = Release|Any CPU
		{1ED111AF-B524-4527-9FFB-8606F6287392}.Release|iPhone.ActiveCfg = Release|Any CPU
		{1ED111AF-B524-4527-9FFB-8606F6287392}.Release|iPhone.Build.0 = Release|Any CPU
		{1ED111AF-B524-4527-9FFB-8606F6287392}.Release|iPhone.Deploy.0 = Release|Any CPU
		{1ED111AF-B524-4527-9FFB-8606F6287392}.Release|iPhoneSimulator.ActiveCfg = Release|Any CPU
		{1ED111AF-B524-4527-9FFB-8606F6287392}.Release|iPhoneSimulator.Build.0 = Release|Any CPU
		{1ED111AF-B524-4527-9FFB-8606F6287392}.Release|iPhoneSimulator.Deploy.0 = Release|Any CPU
		{1ED111AF-B524-4527-9FFB-8606F6287392}.Release|x64.ActiveCfg = Release|Any CPU
		{1ED111AF-B524-4527-9FFB-8606F6287392}.Release|x64.Build.0 = Release|Any CPU
		{1ED111AF-B524-4527-9FFB-8606F6287392}.Release|x64.Deploy.0 = Release|Any CPU
		{1ED111AF-B524-4527-9FFB-8606F6287392}.Release|x86.ActiveCfg = Release|Any CPU
		{1ED111AF-B524-4527-9FFB-8606F6287392}.Release|x86.Build.0 = Release|Any CPU
		{1ED111AF-B524-4527-9FFB-8606F6287392}.Release|x86.Deploy.0 = Release|Any CPU
		{69D702F1-EEB3-4095-8A8F-63A3B3EF18F1}.Debug|Any CPU.ActiveCfg = Debug|iPhoneSimulator
		{69D702F1-EEB3-4095-8A8F-63A3B3EF18F1}.Debug|Any CPU.Build.0 = Debug|iPhoneSimulator
		{69D702F1-EEB3-4095-8A8F-63A3B3EF18F1}.Debug|Any CPU.Deploy.0 = Debug|iPhoneSimulator
		{69D702F1-EEB3-4095-8A8F-63A3B3EF18F1}.Debug|ARM.ActiveCfg = Debug|iPhone
		{69D702F1-EEB3-4095-8A8F-63A3B3EF18F1}.Debug|ARM.Build.0 = Debug|iPhone
		{69D702F1-EEB3-4095-8A8F-63A3B3EF18F1}.Debug|ARM.Deploy.0 = Debug|iPhone
		{69D702F1-EEB3-4095-8A8F-63A3B3EF18F1}.Debug|iPhone.ActiveCfg = Debug|iPhone
		{69D702F1-EEB3-4095-8A8F-63A3B3EF18F1}.Debug|iPhone.Build.0 = Debug|iPhone
		{69D702F1-EEB3-4095-8A8F-63A3B3EF18F1}.Debug|iPhone.Deploy.0 = Debug|iPhone
		{69D702F1-EEB3-4095-8A8F-63A3B3EF18F1}.Debug|iPhoneSimulator.ActiveCfg = Debug|iPhoneSimulator
		{69D702F1-EEB3-4095-8A8F-63A3B3EF18F1}.Debug|iPhoneSimulator.Build.0 = Debug|iPhoneSimulator
		{69D702F1-EEB3-4095-8A8F-63A3B3EF18F1}.Debug|iPhoneSimulator.Deploy.0 = Debug|iPhoneSimulator
		{69D702F1-EEB3-4095-8A8F-63A3B3EF18F1}.Debug|x64.ActiveCfg = Debug|iPhoneSimulator
		{69D702F1-EEB3-4095-8A8F-63A3B3EF18F1}.Debug|x64.Build.0 = Debug|iPhoneSimulator
		{69D702F1-EEB3-4095-8A8F-63A3B3EF18F1}.Debug|x64.Deploy.0 = Debug|iPhoneSimulator
		{69D702F1-EEB3-4095-8A8F-63A3B3EF18F1}.Debug|x86.ActiveCfg = Debug|iPhoneSimulator
		{69D702F1-EEB3-4095-8A8F-63A3B3EF18F1}.Debug|x86.Build.0 = Debug|iPhoneSimulator
		{69D702F1-EEB3-4095-8A8F-63A3B3EF18F1}.Debug|x86.Deploy.0 = Debug|iPhoneSimulator
		{69D702F1-EEB3-4095-8A8F-63A3B3EF18F1}.Release|Any CPU.ActiveCfg = Release|iPhoneSimulator
		{69D702F1-EEB3-4095-8A8F-63A3B3EF18F1}.Release|Any CPU.Build.0 = Release|iPhoneSimulator
		{69D702F1-EEB3-4095-8A8F-63A3B3EF18F1}.Release|Any CPU.Deploy.0 = Release|iPhoneSimulator
		{69D702F1-EEB3-4095-8A8F-63A3B3EF18F1}.Release|ARM.ActiveCfg = Release|iPhoneSimulator
		{69D702F1-EEB3-4095-8A8F-63A3B3EF18F1}.Release|ARM.Build.0 = Release|iPhoneSimulator
		{69D702F1-EEB3-4095-8A8F-63A3B3EF18F1}.Release|ARM.Deploy.0 = Release|iPhoneSimulator
		{69D702F1-EEB3-4095-8A8F-63A3B3EF18F1}.Release|iPhone.ActiveCfg = Release|iPhone
		{69D702F1-EEB3-4095-8A8F-63A3B3EF18F1}.Release|iPhone.Build.0 = Release|iPhone
		{69D702F1-EEB3-4095-8A8F-63A3B3EF18F1}.Release|iPhone.Deploy.0 = Release|iPhone
		{69D702F1-EEB3-4095-8A8F-63A3B3EF18F1}.Release|iPhoneSimulator.ActiveCfg = Release|iPhoneSimulator
		{69D702F1-EEB3-4095-8A8F-63A3B3EF18F1}.Release|iPhoneSimulator.Build.0 = Release|iPhoneSimulator
		{69D702F1-EEB3-4095-8A8F-63A3B3EF18F1}.Release|iPhoneSimulator.Deploy.0 = Release|iPhoneSimulator
		{69D702F1-EEB3-4095-8A8F-63A3B3EF18F1}.Release|x64.ActiveCfg = Release|iPhoneSimulator
		{69D702F1-EEB3-4095-8A8F-63A3B3EF18F1}.Release|x64.Build.0 = Release|iPhoneSimulator
		{69D702F1-EEB3-4095-8A8F-63A3B3EF18F1}.Release|x64.Deploy.0 = Release|iPhoneSimulator
		{69D702F1-EEB3-4095-8A8F-63A3B3EF18F1}.Release|x86.ActiveCfg = Release|iPhoneSimulator
		{69D702F1-EEB3-4095-8A8F-63A3B3EF18F1}.Release|x86.Build.0 = Release|iPhoneSimulator
		{69D702F1-EEB3-4095-8A8F-63A3B3EF18F1}.Release|x86.Deploy.0 = Release|iPhoneSimulator
		{8CDA7593-1D33-44C3-9CFC-48817CA8C561}.Debug|Any CPU.ActiveCfg = Debug|Any CPU
		{8CDA7593-1D33-44C3-9CFC-48817CA8C561}.Debug|Any CPU.Build.0 = Debug|Any CPU
		{8CDA7593-1D33-44C3-9CFC-48817CA8C561}.Debug|Any CPU.Deploy.0 = Debug|Any CPU
		{8CDA7593-1D33-44C3-9CFC-48817CA8C561}.Debug|ARM.ActiveCfg = Debug|Any CPU
		{8CDA7593-1D33-44C3-9CFC-48817CA8C561}.Debug|ARM.Build.0 = Debug|Any CPU
		{8CDA7593-1D33-44C3-9CFC-48817CA8C561}.Debug|ARM.Deploy.0 = Debug|Any CPU
		{8CDA7593-1D33-44C3-9CFC-48817CA8C561}.Debug|iPhone.ActiveCfg = Debug|Any CPU
		{8CDA7593-1D33-44C3-9CFC-48817CA8C561}.Debug|iPhone.Build.0 = Debug|Any CPU
		{8CDA7593-1D33-44C3-9CFC-48817CA8C561}.Debug|iPhone.Deploy.0 = Debug|Any CPU
		{8CDA7593-1D33-44C3-9CFC-48817CA8C561}.Debug|iPhoneSimulator.ActiveCfg = Debug|Any CPU
		{8CDA7593-1D33-44C3-9CFC-48817CA8C561}.Debug|iPhoneSimulator.Build.0 = Debug|Any CPU
		{8CDA7593-1D33-44C3-9CFC-48817CA8C561}.Debug|iPhoneSimulator.Deploy.0 = Debug|Any CPU
		{8CDA7593-1D33-44C3-9CFC-48817CA8C561}.Debug|x64.ActiveCfg = Debug|Any CPU
		{8CDA7593-1D33-44C3-9CFC-48817CA8C561}.Debug|x64.Build.0 = Debug|Any CPU
		{8CDA7593-1D33-44C3-9CFC-48817CA8C561}.Debug|x64.Deploy.0 = Debug|Any CPU
		{8CDA7593-1D33-44C3-9CFC-48817CA8C561}.Debug|x86.ActiveCfg = Debug|Any CPU
		{8CDA7593-1D33-44C3-9CFC-48817CA8C561}.Debug|x86.Build.0 = Debug|Any CPU
		{8CDA7593-1D33-44C3-9CFC-48817CA8C561}.Debug|x86.Deploy.0 = Debug|Any CPU
		{8CDA7593-1D33-44C3-9CFC-48817CA8C561}.Release|Any CPU.ActiveCfg = Release|Any CPU
		{8CDA7593-1D33-44C3-9CFC-48817CA8C561}.Release|Any CPU.Build.0 = Release|Any CPU
		{8CDA7593-1D33-44C3-9CFC-48817CA8C561}.Release|Any CPU.Deploy.0 = Release|Any CPU
		{8CDA7593-1D33-44C3-9CFC-48817CA8C561}.Release|ARM.ActiveCfg = Release|Any CPU
		{8CDA7593-1D33-44C3-9CFC-48817CA8C561}.Release|ARM.Build.0 = Release|Any CPU
		{8CDA7593-1D33-44C3-9CFC-48817CA8C561}.Release|ARM.Deploy.0 = Release|Any CPU
		{8CDA7593-1D33-44C3-9CFC-48817CA8C561}.Release|iPhone.ActiveCfg = Release|Any CPU
		{8CDA7593-1D33-44C3-9CFC-48817CA8C561}.Release|iPhone.Build.0 = Release|Any CPU
		{8CDA7593-1D33-44C3-9CFC-48817CA8C561}.Release|iPhone.Deploy.0 = Release|Any CPU
		{8CDA7593-1D33-44C3-9CFC-48817CA8C561}.Release|iPhoneSimulator.ActiveCfg = Release|Any CPU
		{8CDA7593-1D33-44C3-9CFC-48817CA8C561}.Release|iPhoneSimulator.Build.0 = Release|Any CPU
		{8CDA7593-1D33-44C3-9CFC-48817CA8C561}.Release|iPhoneSimulator.Deploy.0 = Release|Any CPU
		{8CDA7593-1D33-44C3-9CFC-48817CA8C561}.Release|x64.ActiveCfg = Release|Any CPU
		{8CDA7593-1D33-44C3-9CFC-48817CA8C561}.Release|x64.Build.0 = Release|Any CPU
		{8CDA7593-1D33-44C3-9CFC-48817CA8C561}.Release|x64.Deploy.0 = Release|Any CPU
		{8CDA7593-1D33-44C3-9CFC-48817CA8C561}.Release|x86.ActiveCfg = Release|Any CPU
		{8CDA7593-1D33-44C3-9CFC-48817CA8C561}.Release|x86.Build.0 = Release|Any CPU
		{8CDA7593-1D33-44C3-9CFC-48817CA8C561}.Release|x86.Deploy.0 = Release|Any CPU
	EndGlobalSection
	GlobalSection(SolutionProperties) = preSolution
		HideSolutionNode = FALSE
	EndGlobalSection
	GlobalSection(ExtensibilityGlobals) = postSolution
		SolutionGuid = {AF4DCE13-7F7E-4A99-96D0-C697ACBBB31C}
	EndGlobalSection
EndGlobal
